
Microsoft Visual Studio Solution File, Format Version 12.00
# Visual Studio 15
VisualStudioVersion = 15.0.28307.271
MinimumVisualStudioVersion = 10.0.40219.1
Project("{9A19103F-16F7-4668-BE54-9A1E7A4F7556}") = "SP19.P05.Web", "SP19.P05.Web\SP19.P05.Web.csproj", "{591CE3EA-3D57-4919-B4F2-3F90A5AF3671}"
EndProject
Project("{9A19103F-16F7-4668-BE54-9A1E7A4F7556}") = "SP19.P05.Tests", "SP19.P05.Tests\SP19.P05.Tests.csproj", "{B21BB7BE-92EA-4A5E-ACEC-C552CCF380CA}"
EndProject
Project("{FAE04EC0-301F-11D3-BF4B-00C04F79EFBC}") = "SP19.P05.Mobile.Android", "SP19.P05.Mobile\SP19.P05.Mobile.Android\SP19.P05.Mobile.Android.csproj", "{C9BCC9C1-161D-4912-94EE-E279F0178505}"
EndProject
Project("{FAE04EC0-301F-11D3-BF4B-00C04F79EFBC}") = "SP19.P05.Mobile.iOS", "SP19.P05.Mobile\SP19.P05.Mobile.iOS\SP19.P05.Mobile.iOS.csproj", "{45381618-1B4A-4446-8BE5-209E531648E6}"
EndProject
Project("{9A19103F-16F7-4668-BE54-9A1E7A4F7556}") = "SP19.P05.Mobile.Forms", "SP19.P05.Mobile\SP19.P05.Mobile.Forms\SP19.P05.Mobile.Forms.csproj", "{A3B65FE2-6289-4587-AF61-AB3C924FEE64}"
EndProject
Project("{FAE04EC0-301F-11D3-BF4B-00C04F79EFBC}") = "SP19.P05.Common", "SP19.P05.Common\SP19.P05.Common.csproj", "{C84D2EA5-4CB6-4FA4-AEF1-85B8260D351E}"
EndProject
Global
	GlobalSection(SolutionConfigurationPlatforms) = preSolution
		Ad-Hoc|Any CPU = Ad-Hoc|Any CPU
		Ad-Hoc|iPhone = Ad-Hoc|iPhone
		Ad-Hoc|iPhoneSimulator = Ad-Hoc|iPhoneSimulator
		AppStore|Any CPU = AppStore|Any CPU
		AppStore|iPhone = AppStore|iPhone
		AppStore|iPhoneSimulator = AppStore|iPhoneSimulator
		Debug|Any CPU = Debug|Any CPU
		Debug|iPhone = Debug|iPhone
		Debug|iPhoneSimulator = Debug|iPhoneSimulator
		Release|Any CPU = Release|Any CPU
		Release|iPhone = Release|iPhone
		Release|iPhoneSimulator = Release|iPhoneSimulator
	EndGlobalSection
	GlobalSection(ProjectConfigurationPlatforms) = postSolution
		{591CE3EA-3D57-4919-B4F2-3F90A5AF3671}.Ad-Hoc|Any CPU.ActiveCfg = Release|Any CPU
		{591CE3EA-3D57-4919-B4F2-3F90A5AF3671}.Ad-Hoc|Any CPU.Build.0 = Release|Any CPU
		{591CE3EA-3D57-4919-B4F2-3F90A5AF3671}.Ad-Hoc|iPhone.ActiveCfg = Release|Any CPU
		{591CE3EA-3D57-4919-B4F2-3F90A5AF3671}.Ad-Hoc|iPhone.Build.0 = Release|Any CPU
		{591CE3EA-3D57-4919-B4F2-3F90A5AF3671}.Ad-Hoc|iPhoneSimulator.ActiveCfg = Release|Any CPU
		{591CE3EA-3D57-4919-B4F2-3F90A5AF3671}.Ad-Hoc|iPhoneSimulator.Build.0 = Release|Any CPU
		{591CE3EA-3D57-4919-B4F2-3F90A5AF3671}.AppStore|Any CPU.ActiveCfg = Release|Any CPU
		{591CE3EA-3D57-4919-B4F2-3F90A5AF3671}.AppStore|Any CPU.Build.0 = Release|Any CPU
		{591CE3EA-3D57-4919-B4F2-3F90A5AF3671}.AppStore|iPhone.ActiveCfg = Release|Any CPU
		{591CE3EA-3D57-4919-B4F2-3F90A5AF3671}.AppStore|iPhone.Build.0 = Release|Any CPU
		{591CE3EA-3D57-4919-B4F2-3F90A5AF3671}.AppStore|iPhoneSimulator.ActiveCfg = Release|Any CPU
		{591CE3EA-3D57-4919-B4F2-3F90A5AF3671}.AppStore|iPhoneSimulator.Build.0 = Release|Any CPU
		{591CE3EA-3D57-4919-B4F2-3F90A5AF3671}.Debug|Any CPU.ActiveCfg = Debug|Any CPU
		{591CE3EA-3D57-4919-B4F2-3F90A5AF3671}.Debug|Any CPU.Build.0 = Debug|Any CPU
		{591CE3EA-3D57-4919-B4F2-3F90A5AF3671}.Debug|iPhone.ActiveCfg = Debug|Any CPU
		{591CE3EA-3D57-4919-B4F2-3F90A5AF3671}.Debug|iPhone.Build.0 = Debug|Any CPU
		{591CE3EA-3D57-4919-B4F2-3F90A5AF3671}.Debug|iPhoneSimulator.ActiveCfg = Debug|Any CPU
		{591CE3EA-3D57-4919-B4F2-3F90A5AF3671}.Debug|iPhoneSimulator.Build.0 = Debug|Any CPU
		{591CE3EA-3D57-4919-B4F2-3F90A5AF3671}.Release|Any CPU.ActiveCfg = Release|Any CPU
		{591CE3EA-3D57-4919-B4F2-3F90A5AF3671}.Release|Any CPU.Build.0 = Release|Any CPU
		{591CE3EA-3D57-4919-B4F2-3F90A5AF3671}.Release|iPhone.ActiveCfg = Release|Any CPU
		{591CE3EA-3D57-4919-B4F2-3F90A5AF3671}.Release|iPhone.Build.0 = Release|Any CPU
		{591CE3EA-3D57-4919-B4F2-3F90A5AF3671}.Release|iPhoneSimulator.ActiveCfg = Release|Any CPU
		{591CE3EA-3D57-4919-B4F2-3F90A5AF3671}.Release|iPhoneSimulator.Build.0 = Release|Any CPU
		{B21BB7BE-92EA-4A5E-ACEC-C552CCF380CA}.Ad-Hoc|Any CPU.ActiveCfg = Debug|Any CPU
		{B21BB7BE-92EA-4A5E-ACEC-C552CCF380CA}.Ad-Hoc|Any CPU.Build.0 = Debug|Any CPU
		{B21BB7BE-92EA-4A5E-ACEC-C552CCF380CA}.Ad-Hoc|iPhone.ActiveCfg = Debug|Any CPU
		{B21BB7BE-92EA-4A5E-ACEC-C552CCF380CA}.Ad-Hoc|iPhone.Build.0 = Debug|Any CPU
		{B21BB7BE-92EA-4A5E-ACEC-C552CCF380CA}.Ad-Hoc|iPhoneSimulator.ActiveCfg = Debug|Any CPU
		{B21BB7BE-92EA-4A5E-ACEC-C552CCF380CA}.Ad-Hoc|iPhoneSimulator.Build.0 = Debug|Any CPU
		{B21BB7BE-92EA-4A5E-ACEC-C552CCF380CA}.AppStore|Any CPU.ActiveCfg = Debug|Any CPU
		{B21BB7BE-92EA-4A5E-ACEC-C552CCF380CA}.AppStore|Any CPU.Build.0 = Debug|Any CPU
		{B21BB7BE-92EA-4A5E-ACEC-C552CCF380CA}.AppStore|iPhone.ActiveCfg = Debug|Any CPU
		{B21BB7BE-92EA-4A5E-ACEC-C552CCF380CA}.AppStore|iPhone.Build.0 = Debug|Any CPU
		{B21BB7BE-92EA-4A5E-ACEC-C552CCF380CA}.AppStore|iPhoneSimulator.ActiveCfg = Debug|Any CPU
		{B21BB7BE-92EA-4A5E-ACEC-C552CCF380CA}.AppStore|iPhoneSimulator.Build.0 = Debug|Any CPU
		{B21BB7BE-92EA-4A5E-ACEC-C552CCF380CA}.Debug|Any CPU.ActiveCfg = Debug|Any CPU
		{B21BB7BE-92EA-4A5E-ACEC-C552CCF380CA}.Debug|Any CPU.Build.0 = Debug|Any CPU
		{B21BB7BE-92EA-4A5E-ACEC-C552CCF380CA}.Debug|iPhone.ActiveCfg = Debug|Any CPU
		{B21BB7BE-92EA-4A5E-ACEC-C552CCF380CA}.Debug|iPhone.Build.0 = Debug|Any CPU
		{B21BB7BE-92EA-4A5E-ACEC-C552CCF380CA}.Debug|iPhoneSimulator.ActiveCfg = Debug|Any CPU
		{B21BB7BE-92EA-4A5E-ACEC-C552CCF380CA}.Debug|iPhoneSimulator.Build.0 = Debug|Any CPU
		{B21BB7BE-92EA-4A5E-ACEC-C552CCF380CA}.Release|Any CPU.ActiveCfg = Release|Any CPU
		{B21BB7BE-92EA-4A5E-ACEC-C552CCF380CA}.Release|Any CPU.Build.0 = Release|Any CPU
		{B21BB7BE-92EA-4A5E-ACEC-C552CCF380CA}.Release|iPhone.ActiveCfg = Release|Any CPU
		{B21BB7BE-92EA-4A5E-ACEC-C552CCF380CA}.Release|iPhone.Build.0 = Release|Any CPU
		{B21BB7BE-92EA-4A5E-ACEC-C552CCF380CA}.Release|iPhoneSimulator.ActiveCfg = Release|Any CPU
		{B21BB7BE-92EA-4A5E-ACEC-C552CCF380CA}.Release|iPhoneSimulator.Build.0 = Release|Any CPU
		{C9BCC9C1-161D-4912-94EE-E279F0178505}.Ad-Hoc|Any CPU.ActiveCfg = Release|Any CPU
		{C9BCC9C1-161D-4912-94EE-E279F0178505}.Ad-Hoc|Any CPU.Build.0 = Release|Any CPU
		{C9BCC9C1-161D-4912-94EE-E279F0178505}.Ad-Hoc|Any CPU.Deploy.0 = Release|Any CPU
		{C9BCC9C1-161D-4912-94EE-E279F0178505}.Ad-Hoc|iPhone.ActiveCfg = Release|Any CPU
		{C9BCC9C1-161D-4912-94EE-E279F0178505}.Ad-Hoc|iPhone.Build.0 = Release|Any CPU
		{C9BCC9C1-161D-4912-94EE-E279F0178505}.Ad-Hoc|iPhone.Deploy.0 = Release|Any CPU
		{C9BCC9C1-161D-4912-94EE-E279F0178505}.Ad-Hoc|iPhoneSimulator.ActiveCfg = Release|Any CPU
		{C9BCC9C1-161D-4912-94EE-E279F0178505}.Ad-Hoc|iPhoneSimulator.Build.0 = Release|Any CPU
		{C9BCC9C1-161D-4912-94EE-E279F0178505}.Ad-Hoc|iPhoneSimulator.Deploy.0 = Release|Any CPU
		{C9BCC9C1-161D-4912-94EE-E279F0178505}.AppStore|Any CPU.ActiveCfg = Release|Any CPU
		{C9BCC9C1-161D-4912-94EE-E279F0178505}.AppStore|Any CPU.Build.0 = Release|Any CPU
		{C9BCC9C1-161D-4912-94EE-E279F0178505}.AppStore|Any CPU.Deploy.0 = Release|Any CPU
		{C9BCC9C1-161D-4912-94EE-E279F0178505}.AppStore|iPhone.ActiveCfg = Release|Any CPU
		{C9BCC9C1-161D-4912-94EE-E279F0178505}.AppStore|iPhone.Build.0 = Release|Any CPU
		{C9BCC9C1-161D-4912-94EE-E279F0178505}.AppStore|iPhone.Deploy.0 = Release|Any CPU
		{C9BCC9C1-161D-4912-94EE-E279F0178505}.AppStore|iPhoneSimulator.ActiveCfg = Release|Any CPU
		{C9BCC9C1-161D-4912-94EE-E279F0178505}.AppStore|iPhoneSimulator.Build.0 = Release|Any CPU
		{C9BCC9C1-161D-4912-94EE-E279F0178505}.AppStore|iPhoneSimulator.Deploy.0 = Release|Any CPU
		{C9BCC9C1-161D-4912-94EE-E279F0178505}.Debug|Any CPU.ActiveCfg = Debug|Any CPU
		{C9BCC9C1-161D-4912-94EE-E279F0178505}.Debug|Any CPU.Build.0 = Debug|Any CPU
		{C9BCC9C1-161D-4912-94EE-E279F0178505}.Debug|Any CPU.Deploy.0 = Debug|Any CPU
		{C9BCC9C1-161D-4912-94EE-E279F0178505}.Debug|iPhone.ActiveCfg = Debug|Any CPU
		{C9BCC9C1-161D-4912-94EE-E279F0178505}.Debug|iPhone.Build.0 = Debug|Any CPU
		{C9BCC9C1-161D-4912-94EE-E279F0178505}.Debug|iPhone.Deploy.0 = Debug|Any CPU
		{C9BCC9C1-161D-4912-94EE-E279F0178505}.Debug|iPhoneSimulator.ActiveCfg = Debug|Any CPU
		{C9BCC9C1-161D-4912-94EE-E279F0178505}.Debug|iPhoneSimulator.Build.0 = Debug|Any CPU
		{C9BCC9C1-161D-4912-94EE-E279F0178505}.Debug|iPhoneSimulator.Deploy.0 = Debug|Any CPU
		{C9BCC9C1-161D-4912-94EE-E279F0178505}.Release|Any CPU.ActiveCfg = Release|Any CPU
		{C9BCC9C1-161D-4912-94EE-E279F0178505}.Release|Any CPU.Build.0 = Release|Any CPU
		{C9BCC9C1-161D-4912-94EE-E279F0178505}.Release|Any CPU.Deploy.0 = Release|Any CPU
		{C9BCC9C1-161D-4912-94EE-E279F0178505}.Release|iPhone.ActiveCfg = Release|Any CPU
		{C9BCC9C1-161D-4912-94EE-E279F0178505}.Release|iPhone.Build.0 = Release|Any CPU
		{C9BCC9C1-161D-4912-94EE-E279F0178505}.Release|iPhone.Deploy.0 = Release|Any CPU
		{C9BCC9C1-161D-4912-94EE-E279F0178505}.Release|iPhoneSimulator.ActiveCfg = Release|Any CPU
		{C9BCC9C1-161D-4912-94EE-E279F0178505}.Release|iPhoneSimulator.Build.0 = Release|Any CPU
		{C9BCC9C1-161D-4912-94EE-E279F0178505}.Release|iPhoneSimulator.Deploy.0 = Release|Any CPU
		{45381618-1B4A-4446-8BE5-209E531648E6}.Ad-Hoc|Any CPU.ActiveCfg = Ad-Hoc|iPhone
		{45381618-1B4A-4446-8BE5-209E531648E6}.Ad-Hoc|iPhone.ActiveCfg = Ad-Hoc|iPhone
		{45381618-1B4A-4446-8BE5-209E531648E6}.Ad-Hoc|iPhone.Build.0 = Ad-Hoc|iPhone
		{45381618-1B4A-4446-8BE5-209E531648E6}.Ad-Hoc|iPhoneSimulator.ActiveCfg = Ad-Hoc|iPhoneSimulator
		{45381618-1B4A-4446-8BE5-209E531648E6}.Ad-Hoc|iPhoneSimulator.Build.0 = Ad-Hoc|iPhoneSimulator
		{45381618-1B4A-4446-8BE5-209E531648E6}.AppStore|Any CPU.ActiveCfg = AppStore|iPhone
		{45381618-1B4A-4446-8BE5-209E531648E6}.AppStore|iPhone.ActiveCfg = AppStore|iPhone
		{45381618-1B4A-4446-8BE5-209E531648E6}.AppStore|iPhone.Build.0 = AppStore|iPhone
		{45381618-1B4A-4446-8BE5-209E531648E6}.AppStore|iPhoneSimulator.ActiveCfg = AppStore|iPhoneSimulator
		{45381618-1B4A-4446-8BE5-209E531648E6}.AppStore|iPhoneSimulator.Build.0 = AppStore|iPhoneSimulator
		{45381618-1B4A-4446-8BE5-209E531648E6}.Debug|Any CPU.ActiveCfg = Debug|iPhone
		{45381618-1B4A-4446-8BE5-209E531648E6}.Debug|iPhone.ActiveCfg = Debug|iPhone
		{45381618-1B4A-4446-8BE5-209E531648E6}.Debug|iPhone.Build.0 = Debug|iPhone
		{45381618-1B4A-4446-8BE5-209E531648E6}.Debug|iPhoneSimulator.ActiveCfg = Debug|iPhoneSimulator
		{45381618-1B4A-4446-8BE5-209E531648E6}.Debug|iPhoneSimulator.Build.0 = Debug|iPhoneSimulator
		{45381618-1B4A-4446-8BE5-209E531648E6}.Release|Any CPU.ActiveCfg = Release|iPhone
		{45381618-1B4A-4446-8BE5-209E531648E6}.Release|iPhone.ActiveCfg = Release|iPhone
		{45381618-1B4A-4446-8BE5-209E531648E6}.Release|iPhone.Build.0 = Release|iPhone
		{45381618-1B4A-4446-8BE5-209E531648E6}.Release|iPhoneSimulator.ActiveCfg = Release|iPhoneSimulator
		{45381618-1B4A-4446-8BE5-209E531648E6}.Release|iPhoneSimulator.Build.0 = Release|iPhoneSimulator
		{A3B65FE2-6289-4587-AF61-AB3C924FEE64}.Ad-Hoc|Any CPU.ActiveCfg = Debug|Any CPU
		{A3B65FE2-6289-4587-AF61-AB3C924FEE64}.Ad-Hoc|Any CPU.Build.0 = Debug|Any CPU
		{A3B65FE2-6289-4587-AF61-AB3C924FEE64}.Ad-Hoc|iPhone.ActiveCfg = Debug|Any CPU
		{A3B65FE2-6289-4587-AF61-AB3C924FEE64}.Ad-Hoc|iPhone.Build.0 = Debug|Any CPU
		{A3B65FE2-6289-4587-AF61-AB3C924FEE64}.Ad-Hoc|iPhoneSimulator.ActiveCfg = Debug|Any CPU
		{A3B65FE2-6289-4587-AF61-AB3C924FEE64}.Ad-Hoc|iPhoneSimulator.Build.0 = Debug|Any CPU
		{A3B65FE2-6289-4587-AF61-AB3C924FEE64}.AppStore|Any CPU.ActiveCfg = Debug|Any CPU
		{A3B65FE2-6289-4587-AF61-AB3C924FEE64}.AppStore|Any CPU.Build.0 = Debug|Any CPU
		{A3B65FE2-6289-4587-AF61-AB3C924FEE64}.AppStore|iPhone.ActiveCfg = Debug|Any CPU
		{A3B65FE2-6289-4587-AF61-AB3C924FEE64}.AppStore|iPhone.Build.0 = Debug|Any CPU
		{A3B65FE2-6289-4587-AF61-AB3C924FEE64}.AppStore|iPhoneSimulator.ActiveCfg = Debug|Any CPU
		{A3B65FE2-6289-4587-AF61-AB3C924FEE64}.AppStore|iPhoneSimulator.Build.0 = Debug|Any CPU
		{A3B65FE2-6289-4587-AF61-AB3C924FEE64}.Debug|Any CPU.ActiveCfg = Debug|Any CPU
		{A3B65FE2-6289-4587-AF61-AB3C924FEE64}.Debug|Any CPU.Build.0 = Debug|Any CPU
		{A3B65FE2-6289-4587-AF61-AB3C924FEE64}.Debug|iPhone.ActiveCfg = Debug|Any CPU
		{A3B65FE2-6289-4587-AF61-AB3C924FEE64}.Debug|iPhone.Build.0 = Debug|Any CPU
		{A3B65FE2-6289-4587-AF61-AB3C924FEE64}.Debug|iPhoneSimulator.ActiveCfg = Debug|Any CPU
		{A3B65FE2-6289-4587-AF61-AB3C924FEE64}.Debug|iPhoneSimulator.Build.0 = Debug|Any CPU
		{A3B65FE2-6289-4587-AF61-AB3C924FEE64}.Release|Any CPU.ActiveCfg = Release|Any CPU
		{A3B65FE2-6289-4587-AF61-AB3C924FEE64}.Release|Any CPU.Build.0 = Release|Any CPU
		{A3B65FE2-6289-4587-AF61-AB3C924FEE64}.Release|iPhone.ActiveCfg = Release|Any CPU
		{A3B65FE2-6289-4587-AF61-AB3C924FEE64}.Release|iPhone.Build.0 = Release|Any CPU
		{A3B65FE2-6289-4587-AF61-AB3C924FEE64}.Release|iPhoneSimulator.ActiveCfg = Release|Any CPU
		{A3B65FE2-6289-4587-AF61-AB3C924FEE64}.Release|iPhoneSimulator.Build.0 = Release|Any CPU
		{C84D2EA5-4CB6-4FA4-AEF1-85B8260D351E}.Ad-Hoc|Any CPU.ActiveCfg = Debug|Any CPU
		{C84D2EA5-4CB6-4FA4-AEF1-85B8260D351E}.Ad-Hoc|Any CPU.Build.0 = Debug|Any CPU
		{C84D2EA5-4CB6-4FA4-AEF1-85B8260D351E}.Ad-Hoc|iPhone.ActiveCfg = Debug|Any CPU
		{C84D2EA5-4CB6-4FA4-AEF1-85B8260D351E}.Ad-Hoc|iPhone.Build.0 = Debug|Any CPU
		{C84D2EA5-4CB6-4FA4-AEF1-85B8260D351E}.Ad-Hoc|iPhoneSimulator.ActiveCfg = Debug|Any CPU
		{C84D2EA5-4CB6-4FA4-AEF1-85B8260D351E}.Ad-Hoc|iPhoneSimulator.Build.0 = Debug|Any CPU
		{C84D2EA5-4CB6-4FA4-AEF1-85B8260D351E}.AppStore|Any CPU.ActiveCfg = Debug|Any CPU
		{C84D2EA5-4CB6-4FA4-AEF1-85B8260D351E}.AppStore|Any CPU.Build.0 = Debug|Any CPU
		{C84D2EA5-4CB6-4FA4-AEF1-85B8260D351E}.AppStore|iPhone.ActiveCfg = Debug|Any CPU
		{C84D2EA5-4CB6-4FA4-AEF1-85B8260D351E}.AppStore|iPhone.Build.0 = Debug|Any CPU
		{C84D2EA5-4CB6-4FA4-AEF1-85B8260D351E}.AppStore|iPhoneSimulator.ActiveCfg = Debug|Any CPU
		{C84D2EA5-4CB6-4FA4-AEF1-85B8260D351E}.AppStore|iPhoneSimulator.Build.0 = Debug|Any CPU
		{C84D2EA5-4CB6-4FA4-AEF1-85B8260D351E}.Debug|Any CPU.ActiveCfg = Debug|Any CPU
		{C84D2EA5-4CB6-4FA4-AEF1-85B8260D351E}.Debug|Any CPU.Build.0 = Debug|Any CPU
		{C84D2EA5-4CB6-4FA4-AEF1-85B8260D351E}.Debug|iPhone.ActiveCfg = Debug|Any CPU
		{C84D2EA5-4CB6-4FA4-AEF1-85B8260D351E}.Debug|iPhone.Build.0 = Debug|Any CPU
		{C84D2EA5-4CB6-4FA4-AEF1-85B8260D351E}.Debug|iPhoneSimulator.ActiveCfg = Debug|Any CPU
		{C84D2EA5-4CB6-4FA4-AEF1-85B8260D351E}.Debug|iPhoneSimulator.Build.0 = Debug|Any CPU
		{C84D2EA5-4CB6-4FA4-AEF1-85B8260D351E}.Release|Any CPU.ActiveCfg = Release|Any CPU
		{C84D2EA5-4CB6-4FA4-AEF1-85B8260D351E}.Release|Any CPU.Build.0 = Release|Any CPU
		{C84D2EA5-4CB6-4FA4-AEF1-85B8260D351E}.Release|iPhone.ActiveCfg = Release|Any CPU
		{C84D2EA5-4CB6-4FA4-AEF1-85B8260D351E}.Release|iPhone.Build.0 = Release|Any CPU
		{C84D2EA5-4CB6-4FA4-AEF1-85B8260D351E}.Release|iPhoneSimulator.ActiveCfg = Release|Any CPU
		{C84D2EA5-4CB6-4FA4-AEF1-85B8260D351E}.Release|iPhoneSimulator.Build.0 = Release|Any CPU
	EndGlobalSection
	GlobalSection(SolutionProperties) = preSolution
		HideSolutionNode = FALSE
	EndGlobalSection
	GlobalSection(ExtensibilityGlobals) = postSolution
		SolutionGuid = {167553F5-EF1F-4898-9071-233EF8158747}
	EndGlobalSection
EndGlobal
